
Microsoft Visual Studio Solution File, Format Version 12.00
# Visual Studio Version 17
VisualStudioVersion = 17.4.33103.184
MinimumVisualStudioVersion = 10.0.40219.1
Project("{FAE04EC0-301F-11D3-BF4B-00C04F79EFBC}") = "EFCoreOneToManyRelationship", "EFCoreOneToManyRelationship.csproj", "{0FA33DA6-50C5-4AF1-8D69-C04D7B646F34}"
EndProject
Global
	GlobalSection(SolutionConfigurationPlatforms) = preSolution
		Debug|Any CPU = Debug|Any CPU
		Release|Any CPU = Release|Any CPU
	EndGlobalSection
	GlobalSection(ProjectConfigurationPlatforms) = postSolution
		{0FA33DA6-50C5-4AF1-8D69-C04D7B646F34}.Debug|Any CPU.ActiveCfg = Debug|Any CPU
		{0FA33DA6-50C5-4AF1-8D69-C04D7B646F34}.Debug|Any CPU.Build.0 = Debug|Any CPU
		{0FA33DA6-50C5-4AF1-8D69-C04D7B646F34}.Release|Any CPU.ActiveCfg = Release|Any CPU
		{0FA33DA6-50C5-4AF1-8D69-C04D7B646F34}.Release|Any CPU.Build.0 = Release|Any CPU
	EndGlobalSection
	GlobalSection(SolutionProperties) = preSolution
		HideSolutionNode = FALSE
	EndGlobalSection
	GlobalSection(ExtensibilityGlobals) = postSolution
		SolutionGuid = {FF3C257B-8F25-465F-AF1A-128BB2203472}
	EndGlobalSection
EndGlobal
